
Microsoft Visual Studio Solution File, Format Version 12.00
# Visual Studio Version 17
VisualStudioVersion = 17.2.32616.157
MinimumVisualStudioVersion = 10.0.40219.1
Project("{FAE04EC0-301F-11D3-BF4B-00C04F79EFBC}") = "WindowsService", "WindowsService\WindowsService.csproj", "{66BBD536-4315-4F37-99B0-4232EE1F29C7}"
EndProject
Global
	GlobalSection(SolutionConfigurationPlatforms) = preSolution
		Debug|Any CPU = Debug|Any CPU
		Release|Any CPU = Release|Any CPU
	EndGlobalSection
	GlobalSection(ProjectConfigurationPlatforms) = postSolution
		{66BBD536-4315-4F37-99B0-4232EE1F29C7}.Debug|Any CPU.ActiveCfg = Debug|Any CPU
		{66BBD536-4315-4F37-99B0-4232EE1F29C7}.Debug|Any CPU.Build.0 = Debug|Any CPU
		{66BBD536-4315-4F37-99B0-4232EE1F29C7}.Release|Any CPU.ActiveCfg = Release|Any CPU
		{66BBD536-4315-4F37-99B0-4232EE1F29C7}.Release|Any CPU.Build.0 = Release|Any CPU
	EndGlobalSection
	GlobalSection(SolutionProperties) = preSolution
		HideSolutionNode = FALSE
	EndGlobalSection
	GlobalSection(ExtensibilityGlobals) = postSolution
		SolutionGuid = {658F0A1E-3E90-4EB0-8CF3-3CF541422F06}
	EndGlobalSection
EndGlobal
